
Microsoft Visual Studio Solution File, Format Version 12.00
# Visual Studio Version 17
VisualStudioVersion = 17.4.33110.190
MinimumVisualStudioVersion = 10.0.40219.1
Project("{FAE04EC0-301F-11D3-BF4B-00C04F79EFBC}") = "Text_Converter", "Text_Converter\Text_Converter.csproj", "{F696A7F2-4848-4523-B759-55A5F739F65B}"
EndProject
Global
	GlobalSection(SolutionConfigurationPlatforms) = preSolution
		Debug|Any CPU = Debug|Any CPU
		Release|Any CPU = Release|Any CPU
	EndGlobalSection
	GlobalSection(ProjectConfigurationPlatforms) = postSolution
		{F696A7F2-4848-4523-B759-55A5F739F65B}.Debug|Any CPU.ActiveCfg = Debug|Any CPU
		{F696A7F2-4848-4523-B759-55A5F739F65B}.Debug|Any CPU.Build.0 = Debug|Any CPU
		{F696A7F2-4848-4523-B759-55A5F739F65B}.Release|Any CPU.ActiveCfg = Release|Any CPU
		{F696A7F2-4848-4523-B759-55A5F739F65B}.Release|Any CPU.Build.0 = Release|Any CPU
	EndGlobalSection
	GlobalSection(SolutionProperties) = preSolution
		HideSolutionNode = FALSE
	EndGlobalSection
	GlobalSection(ExtensibilityGlobals) = postSolution
		SolutionGuid = {38D2F112-5EE4-4DDA-A3FD-ED3F3160AA3B}
	EndGlobalSection
EndGlobal
